
Microsoft Visual Studio Solution File, Format Version 12.00
# Visual Studio Version 17
VisualStudioVersion = 17.5.002.0
MinimumVisualStudioVersion = 10.0.40219.1
Project("{9A19103F-16F7-4668-BE54-9A1E7A4F7556}") = "GPT_API", "GPT_API.csproj", "{C00B2317-811E-4084-B8C8-42E0FCFC33DD}"
EndProject
Global
	GlobalSection(SolutionConfigurationPlatforms) = preSolution
		Debug|Any CPU = Debug|Any CPU
		Release|Any CPU = Release|Any CPU
	EndGlobalSection
	GlobalSection(ProjectConfigurationPlatforms) = postSolution
		{C00B2317-811E-4084-B8C8-42E0FCFC33DD}.Debug|Any CPU.ActiveCfg = Debug|Any CPU
		{C00B2317-811E-4084-B8C8-42E0FCFC33DD}.Debug|Any CPU.Build.0 = Debug|Any CPU
		{C00B2317-811E-4084-B8C8-42E0FCFC33DD}.Release|Any CPU.ActiveCfg = Release|Any CPU
		{C00B2317-811E-4084-B8C8-42E0FCFC33DD}.Release|Any CPU.Build.0 = Release|Any CPU
	EndGlobalSection
	GlobalSection(SolutionProperties) = preSolution
		HideSolutionNode = FALSE
	EndGlobalSection
	GlobalSection(ExtensibilityGlobals) = postSolution
		SolutionGuid = {3036A4EF-7E9F-4C3C-BC7F-482349314280}
	EndGlobalSection
EndGlobal
